
Microsoft Visual Studio Solution File, Format Version 12.00
# Visual Studio Version 16
VisualStudioVersion = 16.0.29920.165
MinimumVisualStudioVersion = 10.0.40219.1
Project("{FAE04EC0-301F-11D3-BF4B-00C04F79EFBC}") = "ConsoleApp1", "ConsoleApp1\ConsoleApp1.csproj", "{DB70BA84-8DF3-4E30-9E70-29A57DC7C51C}"
EndProject
Global
	GlobalSection(SolutionConfigurationPlatforms) = preSolution
		Debug|Any CPU = Debug|Any CPU
		Release|Any CPU = Release|Any CPU
	EndGlobalSection
	GlobalSection(ProjectConfigurationPlatforms) = postSolution
		{DB70BA84-8DF3-4E30-9E70-29A57DC7C51C}.Debug|Any CPU.ActiveCfg = Debug|Any CPU
		{DB70BA84-8DF3-4E30-9E70-29A57DC7C51C}.Debug|Any CPU.Build.0 = Debug|Any CPU
		{DB70BA84-8DF3-4E30-9E70-29A57DC7C51C}.Release|Any CPU.ActiveCfg = Release|Any CPU
		{DB70BA84-8DF3-4E30-9E70-29A57DC7C51C}.Release|Any CPU.Build.0 = Release|Any CPU
	EndGlobalSection
	GlobalSection(SolutionProperties) = preSolution
		HideSolutionNode = FALSE
	EndGlobalSection
	GlobalSection(ExtensibilityGlobals) = postSolution
		SolutionGuid = {F7ECFD0D-A738-4D37-9001-D60F21357B77}
	EndGlobalSection
EndGlobal
